
Microsoft Visual Studio Solution File, Format Version 12.00
# Visual Studio Version 16
VisualStudioVersion = 16.0.35706.149
MinimumVisualStudioVersion = 10.0.40219.1
Project("{FAE04EC0-301F-11D3-BF4B-00C04F79EFBC}") = "PetsSoftware", "PetsSoftware.csproj", "{572BD8C7-8599-42B6-B845-4D35A76D267E}"
EndProject
Project("{FAE04EC0-301F-11D3-BF4B-00C04F79EFBC}") = "BABusiness", "BABusiness\BABusiness.csproj", "{0D39824D-3731-45D5-89EE-EB5B066C9193}"
EndProject
Project("{FAE04EC0-301F-11D3-BF4B-00C04F79EFBC}") = "BADBUtils", "BADBUtils\BADBUtils.csproj", "{0F5F77B4-4CEF-45CD-848E-D90DC59BBD6D}"
EndProject
Global
	GlobalSection(SolutionConfigurationPlatforms) = preSolution
		Debug|Any CPU = Debug|Any CPU
		Release|Any CPU = Release|Any CPU
	EndGlobalSection
	GlobalSection(ProjectConfigurationPlatforms) = postSolution
		{572BD8C7-8599-42B6-B845-4D35A76D267E}.Debug|Any CPU.ActiveCfg = Debug|Any CPU
		{572BD8C7-8599-42B6-B845-4D35A76D267E}.Debug|Any CPU.Build.0 = Debug|Any CPU
		{572BD8C7-8599-42B6-B845-4D35A76D267E}.Release|Any CPU.ActiveCfg = Release|Any CPU
		{572BD8C7-8599-42B6-B845-4D35A76D267E}.Release|Any CPU.Build.0 = Release|Any CPU
		{0D39824D-3731-45D5-89EE-EB5B066C9193}.Debug|Any CPU.ActiveCfg = Debug|Any CPU
		{0D39824D-3731-45D5-89EE-EB5B066C9193}.Debug|Any CPU.Build.0 = Debug|Any CPU
		{0D39824D-3731-45D5-89EE-EB5B066C9193}.Release|Any CPU.ActiveCfg = Release|Any CPU
		{0D39824D-3731-45D5-89EE-EB5B066C9193}.Release|Any CPU.Build.0 = Release|Any CPU
		{0F5F77B4-4CEF-45CD-848E-D90DC59BBD6D}.Debug|Any CPU.ActiveCfg = Debug|Any CPU
		{0F5F77B4-4CEF-45CD-848E-D90DC59BBD6D}.Debug|Any CPU.Build.0 = Debug|Any CPU
		{0F5F77B4-4CEF-45CD-848E-D90DC59BBD6D}.Release|Any CPU.ActiveCfg = Release|Any CPU
		{0F5F77B4-4CEF-45CD-848E-D90DC59BBD6D}.Release|Any CPU.Build.0 = Release|Any CPU
	EndGlobalSection
	GlobalSection(SolutionProperties) = preSolution
		HideSolutionNode = FALSE
	EndGlobalSection
	GlobalSection(ExtensibilityGlobals) = postSolution
		SolutionGuid = {B759C9B8-4D06-4787-A6BF-47FA9F32F42B}
	EndGlobalSection
EndGlobal
